
Microsoft Visual Studio Solution File, Format Version 12.00
# Visual Studio Version 17
VisualStudioVersion = 17.12.35707.178
MinimumVisualStudioVersion = 10.0.40219.1
Project("{FAE04EC0-301F-11D3-BF4B-00C04F79EFBC}") = "01_connection", "01_connection\01_connection.csproj", "{F8229253-159B-4037-9A7A-683E5FDFEF09}"
EndProject
Project("{FAE04EC0-301F-11D3-BF4B-00C04F79EFBC}") = "02_stored_procedure", "02_stored_procedure\02_stored_procedure.csproj", "{AEF1F8A7-7F0E-4AC6-8B63-153C3DC98BFD}"
EndProject
Project("{FAE04EC0-301F-11D3-BF4B-00C04F79EFBC}") = "03_prepared_query", "03_prepared_query\03_prepared_query.csproj", "{537FC04E-CEE5-456F-A160-6B08C537F85A}"
EndProject
Global
	GlobalSection(SolutionConfigurationPlatforms) = preSolution
		Debug|Any CPU = Debug|Any CPU
		Release|Any CPU = Release|Any CPU
	EndGlobalSection
	GlobalSection(ProjectConfigurationPlatforms) = postSolution
		{F8229253-159B-4037-9A7A-683E5FDFEF09}.Debug|Any CPU.ActiveCfg = Debug|Any CPU
		{F8229253-159B-4037-9A7A-683E5FDFEF09}.Debug|Any CPU.Build.0 = Debug|Any CPU
		{F8229253-159B-4037-9A7A-683E5FDFEF09}.Release|Any CPU.ActiveCfg = Release|Any CPU
		{F8229253-159B-4037-9A7A-683E5FDFEF09}.Release|Any CPU.Build.0 = Release|Any CPU
		{AEF1F8A7-7F0E-4AC6-8B63-153C3DC98BFD}.Debug|Any CPU.ActiveCfg = Debug|Any CPU
		{AEF1F8A7-7F0E-4AC6-8B63-153C3DC98BFD}.Debug|Any CPU.Build.0 = Debug|Any CPU
		{AEF1F8A7-7F0E-4AC6-8B63-153C3DC98BFD}.Release|Any CPU.ActiveCfg = Release|Any CPU
		{AEF1F8A7-7F0E-4AC6-8B63-153C3DC98BFD}.Release|Any CPU.Build.0 = Release|Any CPU
		{537FC04E-CEE5-456F-A160-6B08C537F85A}.Debug|Any CPU.ActiveCfg = Debug|Any CPU
		{537FC04E-CEE5-456F-A160-6B08C537F85A}.Debug|Any CPU.Build.0 = Debug|Any CPU
		{537FC04E-CEE5-456F-A160-6B08C537F85A}.Release|Any CPU.ActiveCfg = Release|Any CPU
		{537FC04E-CEE5-456F-A160-6B08C537F85A}.Release|Any CPU.Build.0 = Release|Any CPU
	EndGlobalSection
	GlobalSection(SolutionProperties) = preSolution
		HideSolutionNode = FALSE
	EndGlobalSection
EndGlobal
