
Microsoft Visual Studio Solution File, Format Version 12.00
# Visual Studio Version 17
VisualStudioVersion = 17.12.35707.178 d17.12
MinimumVisualStudioVersion = 10.0.40219.1
Project("{FAE04EC0-301F-11D3-BF4B-00C04F79EFBC}") = "10_attributes", "10_attributes\10_attributes.csproj", "{DAF611EB-2DA6-4E43-84DD-377F9C28E249}"
EndProject
Global
	GlobalSection(SolutionConfigurationPlatforms) = preSolution
		Debug|Any CPU = Debug|Any CPU
		Release|Any CPU = Release|Any CPU
	EndGlobalSection
	GlobalSection(ProjectConfigurationPlatforms) = postSolution
		{DAF611EB-2DA6-4E43-84DD-377F9C28E249}.Debug|Any CPU.ActiveCfg = Debug|Any CPU
		{DAF611EB-2DA6-4E43-84DD-377F9C28E249}.Debug|Any CPU.Build.0 = Debug|Any CPU
		{DAF611EB-2DA6-4E43-84DD-377F9C28E249}.Release|Any CPU.ActiveCfg = Release|Any CPU
		{DAF611EB-2DA6-4E43-84DD-377F9C28E249}.Release|Any CPU.Build.0 = Release|Any CPU
	EndGlobalSection
	GlobalSection(SolutionProperties) = preSolution
		HideSolutionNode = FALSE
	EndGlobalSection
EndGlobal
